
Microsoft Visual Studio Solution File, Format Version 12.00
# Visual Studio Version 17
VisualStudioVersion = 17.0.31903.59
MinimumVisualStudioVersion = 10.0.40219.1
Project("{FAE04EC0-301F-11D3-BF4B-00C04F79EFBC}") = "CurrencyExchange.API", "CurrencyExchange.API\CurrencyExchange.API.csproj", "{D60C7A4B-6E11-494F-A890-50D6BD5E161E}"
EndProject
Project("{FAE04EC0-301F-11D3-BF4B-00C04F79EFBC}") = "CurrencyExchange.Tests", "CurrencyExchange.Tests\CurrencyExchange.Tests.csproj", "{5BBFF861-68DD-40AD-AF6C-9383AFF01356}"
EndProject
Global
	GlobalSection(SolutionConfigurationPlatforms) = preSolution
		Debug|Any CPU = Debug|Any CPU
		Release|Any CPU = Release|Any CPU
	EndGlobalSection
	GlobalSection(SolutionProperties) = preSolution
		HideSolutionNode = FALSE
	EndGlobalSection
	GlobalSection(ProjectConfigurationPlatforms) = postSolution
		{D60C7A4B-6E11-494F-A890-50D6BD5E161E}.Debug|Any CPU.ActiveCfg = Debug|Any CPU
		{D60C7A4B-6E11-494F-A890-50D6BD5E161E}.Debug|Any CPU.Build.0 = Debug|Any CPU
		{D60C7A4B-6E11-494F-A890-50D6BD5E161E}.Release|Any CPU.ActiveCfg = Release|Any CPU
		{D60C7A4B-6E11-494F-A890-50D6BD5E161E}.Release|Any CPU.Build.0 = Release|Any CPU
		{5BBFF861-68DD-40AD-AF6C-9383AFF01356}.Debug|Any CPU.ActiveCfg = Debug|Any CPU
		{5BBFF861-68DD-40AD-AF6C-9383AFF01356}.Debug|Any CPU.Build.0 = Debug|Any CPU
		{5BBFF861-68DD-40AD-AF6C-9383AFF01356}.Release|Any CPU.ActiveCfg = Release|Any CPU
		{5BBFF861-68DD-40AD-AF6C-9383AFF01356}.Release|Any CPU.Build.0 = Release|Any CPU
	EndGlobalSection
EndGlobal
